
Microsoft Visual Studio Solution File, Format Version 12.00
# Visual Studio Version 16
VisualStudioVersion = 16.0.29613.14
MinimumVisualStudioVersion = 10.0.40219.1
Project("{FAE04EC0-301F-11D3-BF4B-00C04F79EFBC}") = "yar_bfng", "yar_bfng\yar_bfng.csproj", "{E5C7D01E-CCD7-44B9-9DF1-990B23684F9B}"
EndProject
Global
	GlobalSection(SolutionConfigurationPlatforms) = preSolution
		Debug|Any CPU = Debug|Any CPU
		Release|Any CPU = Release|Any CPU
	EndGlobalSection
	GlobalSection(ProjectConfigurationPlatforms) = postSolution
		{E5C7D01E-CCD7-44B9-9DF1-990B23684F9B}.Debug|Any CPU.ActiveCfg = Debug|Any CPU
		{E5C7D01E-CCD7-44B9-9DF1-990B23684F9B}.Debug|Any CPU.Build.0 = Debug|Any CPU
		{E5C7D01E-CCD7-44B9-9DF1-990B23684F9B}.Release|Any CPU.ActiveCfg = Release|Any CPU
		{E5C7D01E-CCD7-44B9-9DF1-990B23684F9B}.Release|Any CPU.Build.0 = Release|Any CPU
	EndGlobalSection
	GlobalSection(SolutionProperties) = preSolution
		HideSolutionNode = FALSE
	EndGlobalSection
	GlobalSection(ExtensibilityGlobals) = postSolution
		SolutionGuid = {123EEEEA-32B5-41E5-9FFD-7365BB1083F8}
	EndGlobalSection
EndGlobal
